
Microsoft Visual Studio Solution File, Format Version 12.00
# Visual Studio Version 17
VisualStudioVersion = 17.14.36109.1 d17.14
MinimumVisualStudioVersion = 10.0.40219.1
Project("{C9674DCB-5085-4A16-B785-4C70DD1589BD}") = "Prueba SSI", "Prueba SSI.dtproj", "{8A03CFA1-1F57-5E05-2502-E24EFFBEAF3F}"
EndProject
Global
	GlobalSection(SolutionConfigurationPlatforms) = preSolution
		Development|Default = Development|Default
	EndGlobalSection
	GlobalSection(ProjectConfigurationPlatforms) = postSolution
		{8A03CFA1-1F57-5E05-2502-E24EFFBEAF3F}.Development|Default.ActiveCfg = Development
		{8A03CFA1-1F57-5E05-2502-E24EFFBEAF3F}.Development|Default.Build.0 = Development
	EndGlobalSection
	GlobalSection(SolutionProperties) = preSolution
		HideSolutionNode = FALSE
	EndGlobalSection
	GlobalSection(ExtensibilityGlobals) = postSolution
		SolutionGuid = {05212FC7-5F23-4EA0-8133-2D7FAEE71331}
	EndGlobalSection
EndGlobal
