
Microsoft Visual Studio Solution File, Format Version 12.00
# Visual Studio Version 17
VisualStudioVersion = 17.14.36119.2 d17.14
MinimumVisualStudioVersion = 10.0.40219.1
Project("{F14B399A-7131-4C87-9E4B-1186C45EF12D}") = "ProyectoBD_RS", "ProyectoBD_RS\ProyectoBD_RS.rptproj", "{4A4CF476-6857-1F2F-1167-ADF01F72772C}"
EndProject
Global
	GlobalSection(SolutionConfigurationPlatforms) = preSolution
		Debug|Default = Debug|Default
		DebugLocal|Default = DebugLocal|Default
		Release|Default = Release|Default
	EndGlobalSection
	GlobalSection(ProjectConfigurationPlatforms) = postSolution
		{4A4CF476-6857-1F2F-1167-ADF01F72772C}.Debug|Default.ActiveCfg = Debug
		{4A4CF476-6857-1F2F-1167-ADF01F72772C}.Debug|Default.Build.0 = Debug
		{4A4CF476-6857-1F2F-1167-ADF01F72772C}.Debug|Default.Deploy.0 = Debug
		{4A4CF476-6857-1F2F-1167-ADF01F72772C}.DebugLocal|Default.ActiveCfg = DebugLocal
		{4A4CF476-6857-1F2F-1167-ADF01F72772C}.DebugLocal|Default.Build.0 = DebugLocal
		{4A4CF476-6857-1F2F-1167-ADF01F72772C}.Release|Default.ActiveCfg = Release
		{4A4CF476-6857-1F2F-1167-ADF01F72772C}.Release|Default.Build.0 = Release
		{4A4CF476-6857-1F2F-1167-ADF01F72772C}.Release|Default.Deploy.0 = Release
	EndGlobalSection
	GlobalSection(SolutionProperties) = preSolution
		HideSolutionNode = FALSE
	EndGlobalSection
	GlobalSection(ExtensibilityGlobals) = postSolution
		SolutionGuid = {A47B6B12-8E63-4026-B8E0-2C0D902EA6EA}
	EndGlobalSection
EndGlobal
